
Microsoft Visual Studio Solution File, Format Version 12.00
# Visual Studio 14
VisualStudioVersion = 14.0.25123.0
MinimumVisualStudioVersion = 10.0.40219.1
Project("{FAE04EC0-301F-11D3-BF4B-00C04F79EFBC}") = "WebGraphs", "WebGraphs.csproj", "{B47F291A-7E4C-4A66-9C80-3EEE77CE8CB4}"
EndProject
Project("{FAE04EC0-301F-11D3-BF4B-00C04F79EFBC}") = "SLPropertyGrid", "SLPropertyGrid\SLPropertyGrid.csproj", "{FC7472D9-B081-4749-9596-9F4FA38E1B7C}"
EndProject
Project("{2150E333-8FDC-42A3-9474-1A3956D46DE8}") = ".nuget", ".nuget", "{DAADDB50-0BEC-4F4D-B9C2-B2A30835D533}"
	ProjectSection(SolutionItems) = preProject
		.nuget\NuGet.Config = .nuget\NuGet.Config
		.nuget\NuGet.exe = .nuget\NuGet.exe
		..\..\..\..\..\Desktop\NuGet.targets = ..\..\..\..\..\Desktop\NuGet.targets
	EndProjectSection
EndProject
Project("{FAE04EC0-301F-11D3-BF4B-00C04F79EFBC}") = "BitLevelGeneration", "BitLevelGeneration\BitLevelGeneration.csproj", "{FC557259-AF5C-461C-9FAA-B0FB01F1A947}"
EndProject
Project("{FAE04EC0-301F-11D3-BF4B-00C04F79EFBC}") = "Choosability", "Choosability\Choosability.csproj", "{2221B992-6478-462E-A865-EEE305FFCAE4}"
EndProject
Project("{FAE04EC0-301F-11D3-BF4B-00C04F79EFBC}") = "GraphicsLayer", "GraphicsLayer\GraphicsLayer.csproj", "{82EB0F02-E510-4446-9D00-423414EC38E4}"
EndProject
Project("{FAE04EC0-301F-11D3-BF4B-00C04F79EFBC}") = "GraphsCore", "GraphsCore\GraphsCore.csproj", "{079B33E9-0150-412B-B94F-08AA0170E580}"
EndProject
Project("{FAE04EC0-301F-11D3-BF4B-00C04F79EFBC}") = "WebGraphs.Web", "WebGraphs.Web\WebGraphs.Web.csproj", "{F2BAAE84-001A-4488-BE5B-4ADDE373D00E}"
EndProject
Project("{FAE04EC0-301F-11D3-BF4B-00C04F79EFBC}") = "Console", "Console\Console.csproj", "{2B46DE5E-8497-4C04-86E1-EBCDE7CD7368}"
EndProject
Project("{FAE04EC0-301F-11D3-BF4B-00C04F79EFBC}") = "UnitTests", "UnitTests\UnitTests.csproj", "{91C00915-3DF0-4D8A-AB56-7656AE414485}"
EndProject
Project("{FAE04EC0-301F-11D3-BF4B-00C04F79EFBC}") = "PictureMaker", "PictureMaker\PictureMaker.csproj", "{5BF58C5A-0BC0-4721-8A97-5BB47A84ADB2}"
EndProject
Global
	GlobalSection(Performance) = preSolution
		HasPerformanceSessions = true
	EndGlobalSection
	GlobalSection(SolutionConfigurationPlatforms) = preSolution
		Another|Any CPU = Another|Any CPU
		Another|x86 = Another|x86
		Debug|Any CPU = Debug|Any CPU
		Debug|x86 = Debug|x86
		OneMore|Any CPU = OneMore|Any CPU
		OneMore|x86 = OneMore|x86
		Release|Any CPU = Release|Any CPU
		Release|x86 = Release|x86
		YetAnother|Any CPU = YetAnother|Any CPU
		YetAnother|x86 = YetAnother|x86
	EndGlobalSection
	GlobalSection(ProjectConfigurationPlatforms) = postSolution
		{B47F291A-7E4C-4A66-9C80-3EEE77CE8CB4}.Another|Any CPU.ActiveCfg = Another|Any CPU
		{B47F291A-7E4C-4A66-9C80-3EEE77CE8CB4}.Another|Any CPU.Build.0 = Another|Any CPU
		{B47F291A-7E4C-4A66-9C80-3EEE77CE8CB4}.Another|x86.ActiveCfg = Another|Any CPU
		{B47F291A-7E4C-4A66-9C80-3EEE77CE8CB4}.Debug|Any CPU.ActiveCfg = Debug|Any CPU
		{B47F291A-7E4C-4A66-9C80-3EEE77CE8CB4}.Debug|Any CPU.Build.0 = Debug|Any CPU
		{B47F291A-7E4C-4A66-9C80-3EEE77CE8CB4}.Debug|x86.ActiveCfg = Debug|Any CPU
		{B47F291A-7E4C-4A66-9C80-3EEE77CE8CB4}.OneMore|Any CPU.ActiveCfg = OneMore|Any CPU
		{B47F291A-7E4C-4A66-9C80-3EEE77CE8CB4}.OneMore|Any CPU.Build.0 = OneMore|Any CPU
		{B47F291A-7E4C-4A66-9C80-3EEE77CE8CB4}.OneMore|x86.ActiveCfg = OneMore|Any CPU
		{B47F291A-7E4C-4A66-9C80-3EEE77CE8CB4}.Release|Any CPU.ActiveCfg = Release|Any CPU
		{B47F291A-7E4C-4A66-9C80-3EEE77CE8CB4}.Release|Any CPU.Build.0 = Release|Any CPU
		{B47F291A-7E4C-4A66-9C80-3EEE77CE8CB4}.Release|x86.ActiveCfg = Release|Any CPU
		{B47F291A-7E4C-4A66-9C80-3EEE77CE8CB4}.YetAnother|Any CPU.ActiveCfg = YetAnother|Any CPU
		{B47F291A-7E4C-4A66-9C80-3EEE77CE8CB4}.YetAnother|Any CPU.Build.0 = YetAnother|Any CPU
		{B47F291A-7E4C-4A66-9C80-3EEE77CE8CB4}.YetAnother|x86.ActiveCfg = YetAnother|Any CPU
		{FC7472D9-B081-4749-9596-9F4FA38E1B7C}.Another|Any CPU.ActiveCfg = Another|Any CPU
		{FC7472D9-B081-4749-9596-9F4FA38E1B7C}.Another|Any CPU.Build.0 = Another|Any CPU
		{FC7472D9-B081-4749-9596-9F4FA38E1B7C}.Another|x86.ActiveCfg = Another|Any CPU
		{FC7472D9-B081-4749-9596-9F4FA38E1B7C}.Debug|Any CPU.ActiveCfg = Debug|Any CPU
		{FC7472D9-B081-4749-9596-9F4FA38E1B7C}.Debug|Any CPU.Build.0 = Debug|Any CPU
		{FC7472D9-B081-4749-9596-9F4FA38E1B7C}.Debug|x86.ActiveCfg = Debug|Any CPU
		{FC7472D9-B081-4749-9596-9F4FA38E1B7C}.OneMore|Any CPU.ActiveCfg = OneMore|Any CPU
		{FC7472D9-B081-4749-9596-9F4FA38E1B7C}.OneMore|Any CPU.Build.0 = OneMore|Any CPU
		{FC7472D9-B081-4749-9596-9F4FA38E1B7C}.OneMore|x86.ActiveCfg = OneMore|Any CPU
		{FC7472D9-B081-4749-9596-9F4FA38E1B7C}.Release|Any CPU.ActiveCfg = Release|Any CPU
		{FC7472D9-B081-4749-9596-9F4FA38E1B7C}.Release|Any CPU.Build.0 = Release|Any CPU
		{FC7472D9-B081-4749-9596-9F4FA38E1B7C}.Release|x86.ActiveCfg = Release|Any CPU
		{FC7472D9-B081-4749-9596-9F4FA38E1B7C}.YetAnother|Any CPU.ActiveCfg = YetAnother|Any CPU
		{FC7472D9-B081-4749-9596-9F4FA38E1B7C}.YetAnother|Any CPU.Build.0 = YetAnother|Any CPU
		{FC7472D9-B081-4749-9596-9F4FA38E1B7C}.YetAnother|x86.ActiveCfg = YetAnother|Any CPU
		{FC557259-AF5C-461C-9FAA-B0FB01F1A947}.Another|Any CPU.ActiveCfg = Another|Any CPU
		{FC557259-AF5C-461C-9FAA-B0FB01F1A947}.Another|Any CPU.Build.0 = Another|Any CPU
		{FC557259-AF5C-461C-9FAA-B0FB01F1A947}.Another|x86.ActiveCfg = Another|Any CPU
		{FC557259-AF5C-461C-9FAA-B0FB01F1A947}.Debug|Any CPU.ActiveCfg = Debug|Any CPU
		{FC557259-AF5C-461C-9FAA-B0FB01F1A947}.Debug|Any CPU.Build.0 = Debug|Any CPU
		{FC557259-AF5C-461C-9FAA-B0FB01F1A947}.Debug|x86.ActiveCfg = Debug|Any CPU
		{FC557259-AF5C-461C-9FAA-B0FB01F1A947}.OneMore|Any CPU.ActiveCfg = OneMore|Any CPU
		{FC557259-AF5C-461C-9FAA-B0FB01F1A947}.OneMore|Any CPU.Build.0 = OneMore|Any CPU
		{FC557259-AF5C-461C-9FAA-B0FB01F1A947}.OneMore|x86.ActiveCfg = OneMore|Any CPU
		{FC557259-AF5C-461C-9FAA-B0FB01F1A947}.Release|Any CPU.ActiveCfg = Release|Any CPU
		{FC557259-AF5C-461C-9FAA-B0FB01F1A947}.Release|Any CPU.Build.0 = Release|Any CPU
		{FC557259-AF5C-461C-9FAA-B0FB01F1A947}.Release|x86.ActiveCfg = Release|Any CPU
		{FC557259-AF5C-461C-9FAA-B0FB01F1A947}.YetAnother|Any CPU.ActiveCfg = YetAnother|Any CPU
		{FC557259-AF5C-461C-9FAA-B0FB01F1A947}.YetAnother|Any CPU.Build.0 = YetAnother|Any CPU
		{FC557259-AF5C-461C-9FAA-B0FB01F1A947}.YetAnother|x86.ActiveCfg = YetAnother|Any CPU
		{2221B992-6478-462E-A865-EEE305FFCAE4}.Another|Any CPU.ActiveCfg = Another|Any CPU
		{2221B992-6478-462E-A865-EEE305FFCAE4}.Another|Any CPU.Build.0 = Another|Any CPU
		{2221B992-6478-462E-A865-EEE305FFCAE4}.Another|x86.ActiveCfg = Another|Any CPU
		{2221B992-6478-462E-A865-EEE305FFCAE4}.Debug|Any CPU.ActiveCfg = Debug|Any CPU
		{2221B992-6478-462E-A865-EEE305FFCAE4}.Debug|Any CPU.Build.0 = Debug|Any CPU
		{2221B992-6478-462E-A865-EEE305FFCAE4}.Debug|x86.ActiveCfg = Debug|Any CPU
		{2221B992-6478-462E-A865-EEE305FFCAE4}.OneMore|Any CPU.ActiveCfg = OneMore|Any CPU
		{2221B992-6478-462E-A865-EEE305FFCAE4}.OneMore|Any CPU.Build.0 = OneMore|Any CPU
		{2221B992-6478-462E-A865-EEE305FFCAE4}.OneMore|x86.ActiveCfg = OneMore|Any CPU
		{2221B992-6478-462E-A865-EEE305FFCAE4}.Release|Any CPU.ActiveCfg = Release|Any CPU
		{2221B992-6478-462E-A865-EEE305FFCAE4}.Release|Any CPU.Build.0 = Release|Any CPU
		{2221B992-6478-462E-A865-EEE305FFCAE4}.Release|x86.ActiveCfg = Release|Any CPU
		{2221B992-6478-462E-A865-EEE305FFCAE4}.YetAnother|Any CPU.ActiveCfg = YetAnother|Any CPU
		{2221B992-6478-462E-A865-EEE305FFCAE4}.YetAnother|Any CPU.Build.0 = YetAnother|Any CPU
		{2221B992-6478-462E-A865-EEE305FFCAE4}.YetAnother|x86.ActiveCfg = YetAnother|Any CPU
		{82EB0F02-E510-4446-9D00-423414EC38E4}.Another|Any CPU.ActiveCfg = Another|Any CPU
		{82EB0F02-E510-4446-9D00-423414EC38E4}.Another|Any CPU.Build.0 = Another|Any CPU
		{82EB0F02-E510-4446-9D00-423414EC38E4}.Another|x86.ActiveCfg = Another|Any CPU
		{82EB0F02-E510-4446-9D00-423414EC38E4}.Debug|Any CPU.ActiveCfg = Debug|Any CPU
		{82EB0F02-E510-4446-9D00-423414EC38E4}.Debug|Any CPU.Build.0 = Debug|Any CPU
		{82EB0F02-E510-4446-9D00-423414EC38E4}.Debug|x86.ActiveCfg = Debug|Any CPU
		{82EB0F02-E510-4446-9D00-423414EC38E4}.OneMore|Any CPU.ActiveCfg = OneMore|Any CPU
		{82EB0F02-E510-4446-9D00-423414EC38E4}.OneMore|Any CPU.Build.0 = OneMore|Any CPU
		{82EB0F02-E510-4446-9D00-423414EC38E4}.OneMore|x86.ActiveCfg = OneMore|Any CPU
		{82EB0F02-E510-4446-9D00-423414EC38E4}.Release|Any CPU.ActiveCfg = Release|Any CPU
		{82EB0F02-E510-4446-9D00-423414EC38E4}.Release|Any CPU.Build.0 = Release|Any CPU
		{82EB0F02-E510-4446-9D00-423414EC38E4}.Release|x86.ActiveCfg = Release|Any CPU
		{82EB0F02-E510-4446-9D00-423414EC38E4}.YetAnother|Any CPU.ActiveCfg = YetAnother|Any CPU
		{82EB0F02-E510-4446-9D00-423414EC38E4}.YetAnother|Any CPU.Build.0 = YetAnother|Any CPU
		{82EB0F02-E510-4446-9D00-423414EC38E4}.YetAnother|x86.ActiveCfg = YetAnother|Any CPU
		{079B33E9-0150-412B-B94F-08AA0170E580}.Another|Any CPU.ActiveCfg = Another|Any CPU
		{079B33E9-0150-412B-B94F-08AA0170E580}.Another|Any CPU.Build.0 = Another|Any CPU
		{079B33E9-0150-412B-B94F-08AA0170E580}.Another|x86.ActiveCfg = Another|Any CPU
		{079B33E9-0150-412B-B94F-08AA0170E580}.Debug|Any CPU.ActiveCfg = Debug|Any CPU
		{079B33E9-0150-412B-B94F-08AA0170E580}.Debug|Any CPU.Build.0 = Debug|Any CPU
		{079B33E9-0150-412B-B94F-08AA0170E580}.Debug|x86.ActiveCfg = Debug|Any CPU
		{079B33E9-0150-412B-B94F-08AA0170E580}.OneMore|Any CPU.ActiveCfg = OneMore|Any CPU
		{079B33E9-0150-412B-B94F-08AA0170E580}.OneMore|Any CPU.Build.0 = OneMore|Any CPU
		{079B33E9-0150-412B-B94F-08AA0170E580}.OneMore|x86.ActiveCfg = OneMore|Any CPU
		{079B33E9-0150-412B-B94F-08AA0170E580}.Release|Any CPU.ActiveCfg = Release|Any CPU
		{079B33E9-0150-412B-B94F-08AA0170E580}.Release|Any CPU.Build.0 = Release|Any CPU
		{079B33E9-0150-412B-B94F-08AA0170E580}.Release|x86.ActiveCfg = Release|Any CPU
		{079B33E9-0150-412B-B94F-08AA0170E580}.YetAnother|Any CPU.ActiveCfg = YetAnother|Any CPU
		{079B33E9-0150-412B-B94F-08AA0170E580}.YetAnother|Any CPU.Build.0 = YetAnother|Any CPU
		{079B33E9-0150-412B-B94F-08AA0170E580}.YetAnother|x86.ActiveCfg = YetAnother|Any CPU
		{F2BAAE84-001A-4488-BE5B-4ADDE373D00E}.Another|Any CPU.ActiveCfg = Another|Any CPU
		{F2BAAE84-001A-4488-BE5B-4ADDE373D00E}.Another|Any CPU.Build.0 = Another|Any CPU
		{F2BAAE84-001A-4488-BE5B-4ADDE373D00E}.Another|x86.ActiveCfg = Another|Any CPU
		{F2BAAE84-001A-4488-BE5B-4ADDE373D00E}.Debug|Any CPU.ActiveCfg = Debug|Any CPU
		{F2BAAE84-001A-4488-BE5B-4ADDE373D00E}.Debug|Any CPU.Build.0 = Debug|Any CPU
		{F2BAAE84-001A-4488-BE5B-4ADDE373D00E}.Debug|x86.ActiveCfg = Debug|Any CPU
		{F2BAAE84-001A-4488-BE5B-4ADDE373D00E}.OneMore|Any CPU.ActiveCfg = OneMore|Any CPU
		{F2BAAE84-001A-4488-BE5B-4ADDE373D00E}.OneMore|Any CPU.Build.0 = OneMore|Any CPU
		{F2BAAE84-001A-4488-BE5B-4ADDE373D00E}.OneMore|x86.ActiveCfg = OneMore|Any CPU
		{F2BAAE84-001A-4488-BE5B-4ADDE373D00E}.Release|Any CPU.ActiveCfg = Release|Any CPU
		{F2BAAE84-001A-4488-BE5B-4ADDE373D00E}.Release|Any CPU.Build.0 = Release|Any CPU
		{F2BAAE84-001A-4488-BE5B-4ADDE373D00E}.Release|x86.ActiveCfg = Release|Any CPU
		{F2BAAE84-001A-4488-BE5B-4ADDE373D00E}.YetAnother|Any CPU.ActiveCfg = YetAnother|Any CPU
		{F2BAAE84-001A-4488-BE5B-4ADDE373D00E}.YetAnother|Any CPU.Build.0 = YetAnother|Any CPU
		{F2BAAE84-001A-4488-BE5B-4ADDE373D00E}.YetAnother|x86.ActiveCfg = YetAnother|Any CPU
		{2B46DE5E-8497-4C04-86E1-EBCDE7CD7368}.Another|Any CPU.ActiveCfg = Another|Any CPU
		{2B46DE5E-8497-4C04-86E1-EBCDE7CD7368}.Another|Any CPU.Build.0 = Another|Any CPU
		{2B46DE5E-8497-4C04-86E1-EBCDE7CD7368}.Another|x86.ActiveCfg = Another|Any CPU
		{2B46DE5E-8497-4C04-86E1-EBCDE7CD7368}.Debug|Any CPU.ActiveCfg = Debug|Any CPU
		{2B46DE5E-8497-4C04-86E1-EBCDE7CD7368}.Debug|Any CPU.Build.0 = Debug|Any CPU
		{2B46DE5E-8497-4C04-86E1-EBCDE7CD7368}.Debug|x86.ActiveCfg = Debug|Any CPU
		{2B46DE5E-8497-4C04-86E1-EBCDE7CD7368}.OneMore|Any CPU.ActiveCfg = OneMore|Any CPU
		{2B46DE5E-8497-4C04-86E1-EBCDE7CD7368}.OneMore|Any CPU.Build.0 = OneMore|Any CPU
		{2B46DE5E-8497-4C04-86E1-EBCDE7CD7368}.OneMore|x86.ActiveCfg = OneMore|Any CPU
		{2B46DE5E-8497-4C04-86E1-EBCDE7CD7368}.Release|Any CPU.ActiveCfg = Release|Any CPU
		{2B46DE5E-8497-4C04-86E1-EBCDE7CD7368}.Release|Any CPU.Build.0 = Release|Any CPU
		{2B46DE5E-8497-4C04-86E1-EBCDE7CD7368}.Release|x86.ActiveCfg = Release|Any CPU
		{2B46DE5E-8497-4C04-86E1-EBCDE7CD7368}.YetAnother|Any CPU.ActiveCfg = YetAnother|Any CPU
		{2B46DE5E-8497-4C04-86E1-EBCDE7CD7368}.YetAnother|Any CPU.Build.0 = YetAnother|Any CPU
		{2B46DE5E-8497-4C04-86E1-EBCDE7CD7368}.YetAnother|x86.ActiveCfg = YetAnother|Any CPU
		{91C00915-3DF0-4D8A-AB56-7656AE414485}.Another|Any CPU.ActiveCfg = Another|Any CPU
		{91C00915-3DF0-4D8A-AB56-7656AE414485}.Another|Any CPU.Build.0 = Another|Any CPU
		{91C00915-3DF0-4D8A-AB56-7656AE414485}.Another|x86.ActiveCfg = Another|Any CPU
		{91C00915-3DF0-4D8A-AB56-7656AE414485}.Debug|Any CPU.ActiveCfg = Debug|Any CPU
		{91C00915-3DF0-4D8A-AB56-7656AE414485}.Debug|Any CPU.Build.0 = Debug|Any CPU
		{91C00915-3DF0-4D8A-AB56-7656AE414485}.Debug|x86.ActiveCfg = Debug|Any CPU
		{91C00915-3DF0-4D8A-AB56-7656AE414485}.OneMore|Any CPU.ActiveCfg = OneMore|Any CPU
		{91C00915-3DF0-4D8A-AB56-7656AE414485}.OneMore|Any CPU.Build.0 = OneMore|Any CPU
		{91C00915-3DF0-4D8A-AB56-7656AE414485}.OneMore|x86.ActiveCfg = OneMore|Any CPU
		{91C00915-3DF0-4D8A-AB56-7656AE414485}.Release|Any CPU.ActiveCfg = Release|Any CPU
		{91C00915-3DF0-4D8A-AB56-7656AE414485}.Release|Any CPU.Build.0 = Release|Any CPU
		{91C00915-3DF0-4D8A-AB56-7656AE414485}.Release|x86.ActiveCfg = Release|Any CPU
		{91C00915-3DF0-4D8A-AB56-7656AE414485}.YetAnother|Any CPU.ActiveCfg = YetAnother|Any CPU
		{91C00915-3DF0-4D8A-AB56-7656AE414485}.YetAnother|Any CPU.Build.0 = YetAnother|Any CPU
		{91C00915-3DF0-4D8A-AB56-7656AE414485}.YetAnother|x86.ActiveCfg = YetAnother|Any CPU
		{5BF58C5A-0BC0-4721-8A97-5BB47A84ADB2}.Another|Any CPU.ActiveCfg = Release|Any CPU
		{5BF58C5A-0BC0-4721-8A97-5BB47A84ADB2}.Another|Any CPU.Build.0 = Release|Any CPU
		{5BF58C5A-0BC0-4721-8A97-5BB47A84ADB2}.Another|x86.ActiveCfg = Release|Any CPU
		{5BF58C5A-0BC0-4721-8A97-5BB47A84ADB2}.Debug|Any CPU.ActiveCfg = Debug|Any CPU
		{5BF58C5A-0BC0-4721-8A97-5BB47A84ADB2}.Debug|Any CPU.Build.0 = Debug|Any CPU
		{5BF58C5A-0BC0-4721-8A97-5BB47A84ADB2}.Debug|x86.ActiveCfg = Debug|Any CPU
		{5BF58C5A-0BC0-4721-8A97-5BB47A84ADB2}.OneMore|Any CPU.ActiveCfg = Release|Any CPU
		{5BF58C5A-0BC0-4721-8A97-5BB47A84ADB2}.OneMore|Any CPU.Build.0 = Release|Any CPU
		{5BF58C5A-0BC0-4721-8A97-5BB47A84ADB2}.OneMore|x86.ActiveCfg = Release|Any CPU
		{5BF58C5A-0BC0-4721-8A97-5BB47A84ADB2}.Release|Any CPU.ActiveCfg = Release|Any CPU
		{5BF58C5A-0BC0-4721-8A97-5BB47A84ADB2}.Release|Any CPU.Build.0 = Release|Any CPU
		{5BF58C5A-0BC0-4721-8A97-5BB47A84ADB2}.Release|x86.ActiveCfg = Release|Any CPU
		{5BF58C5A-0BC0-4721-8A97-5BB47A84ADB2}.YetAnother|Any CPU.ActiveCfg = Release|Any CPU
		{5BF58C5A-0BC0-4721-8A97-5BB47A84ADB2}.YetAnother|Any CPU.Build.0 = Release|Any CPU
		{5BF58C5A-0BC0-4721-8A97-5BB47A84ADB2}.YetAnother|x86.ActiveCfg = Release|Any CPU
	EndGlobalSection
	GlobalSection(SolutionProperties) = preSolution
		HideSolutionNode = FALSE
	EndGlobalSection
EndGlobal
